// !$*UTF8*$!
{
	archiveVersion = 1;
	classes = {
	};
	objectVersion = 50;
	objects = {

/* Begin PBXBuildFile section */
		0CD3D94521EC398A00EB5F9E /* PokeDetailViewController.swift in Sources */ = {isa = PBXBuildFile; fileRef = 0CD3D94321EC398A00EB5F9E /* PokeDetailViewController.swift */; };
		0CD3D94621EC398A00EB5F9E /* PokeDetailViewController.xib in Resources */ = {isa = PBXBuildFile; fileRef = 0CD3D94421EC398A00EB5F9E /* PokeDetailViewController.xib */; };
		0CD9AC8D221049200054F623 /* FavorisViewController.swift in Sources */ = {isa = PBXBuildFile; fileRef = 0CD9AC8B221049200054F623 /* FavorisViewController.swift */; };
		0CD9AC8E221049210054F623 /* FavorisViewController.xib in Resources */ = {isa = PBXBuildFile; fileRef = 0CD9AC8C221049200054F623 /* FavorisViewController.xib */; };
		18158F91F2524B972D66EB26 /* Pods_pokedexAPI.framework in Frameworks */ = {isa = PBXBuildFile; fileRef = 25A7B44AA59F3C61A0FD30EA /* Pods_pokedexAPI.framework */; };
		507DD34521D14BE60072CE7A /* AppDelegate.swift in Sources */ = {isa = PBXBuildFile; fileRef = 507DD34421D14BE60072CE7A /* AppDelegate.swift */; };
		507DD34C21D14BE70072CE7A /* Assets.xcassets in Resources */ = {isa = PBXBuildFile; fileRef = 507DD34B21D14BE70072CE7A /* Assets.xcassets */; };
		507DD34F21D14BE70072CE7A /* LaunchScreen.storyboard in Resources */ = {isa = PBXBuildFile; fileRef = 507DD34D21D14BE70072CE7A /* LaunchScreen.storyboard */; };
		5E06135B21EBA928006DCC80 /* PokemonServices.swift in Sources */ = {isa = PBXBuildFile; fileRef = 5E06135A21EBA928006DCC80 /* PokemonServices.swift */; };
		5E06136021EC0AAD006DCC80 /* PokeCollectViewController.swift in Sources */ = {isa = PBXBuildFile; fileRef = 5E06135E21EC0AAD006DCC80 /* PokeCollectViewController.swift */; };
		5E06136121EC0AAD006DCC80 /* PokeCollectViewController.xib in Resources */ = {isa = PBXBuildFile; fileRef = 5E06135F21EC0AAD006DCC80 /* PokeCollectViewController.xib */; };
		5E06136421EC0B2F006DCC80 /* PokemonCollectionViewCell.swift in Sources */ = {isa = PBXBuildFile; fileRef = 5E06136221EC0B2F006DCC80 /* PokemonCollectionViewCell.swift */; };
		5E06136521EC0B2F006DCC80 /* PokemonCollectionViewCell.xib in Resources */ = {isa = PBXBuildFile; fileRef = 5E06136321EC0B2F006DCC80 /* PokemonCollectionViewCell.xib */; };
		5E11B702221F58F800122277 /* EvolutionTableViewCell.swift in Sources */ = {isa = PBXBuildFile; fileRef = 5E11B700221F58F800122277 /* EvolutionTableViewCell.swift */; };
		5E11B703221F58F800122277 /* EvolutionTableViewCell.xib in Resources */ = {isa = PBXBuildFile; fileRef = 5E11B701221F58F800122277 /* EvolutionTableViewCell.xib */; };
		5E11B706221F5AFA00122277 /* EvolutionViewController.swift in Sources */ = {isa = PBXBuildFile; fileRef = 5E11B704221F5AFA00122277 /* EvolutionViewController.swift */; };
		5E11B707221F5AFA00122277 /* EvolutionViewController.xib in Resources */ = {isa = PBXBuildFile; fileRef = 5E11B705221F5AFA00122277 /* EvolutionViewController.xib */; };
		5E1EE9E92220717700BF6924 /* logo.png in Resources */ = {isa = PBXBuildFile; fileRef = 5E1EE9E82220717700BF6924 /* logo.png */; };
		5E22840121D7D335000F2F6E /* Pokemon.swift in Sources */ = {isa = PBXBuildFile; fileRef = 5E22840021D7D335000F2F6E /* Pokemon.swift */; };
		5E244D28221E1A2F00753C95 /* song2.mp3 in Resources */ = {isa = PBXBuildFile; fileRef = 5E244D27221E1A2F00753C95 /* song2.mp3 */; };
		5E244D2A221E1F4000753C95 /* pokecenter.mp3 in Resources */ = {isa = PBXBuildFile; fileRef = 5E244D29221E1F4000753C95 /* pokecenter.mp3 */; };
		5E59E65E221EF49600E92417 /* default.mp3 in Resources */ = {isa = PBXBuildFile; fileRef = 5E59E65D221EF49600E92417 /* default.mp3 */; };
		5E79CB9921D627C100007D32 /* HomepageViewController.swift in Sources */ = {isa = PBXBuildFile; fileRef = 5E79CB9721D627C100007D32 /* HomepageViewController.swift */; };
		5E79CB9A21D627C100007D32 /* HomepageViewController.xib in Resources */ = {isa = PBXBuildFile; fileRef = 5E79CB9821D627C100007D32 /* HomepageViewController.xib */; };
		5E7A4488221E141E009AEC38 /* 3.mp3 in Resources */ = {isa = PBXBuildFile; fileRef = 5E7A447B221E141E009AEC38 /* 3.mp3 */; };
		5E7A4489221E141E009AEC38 /* 4.mp3 in Resources */ = {isa = PBXBuildFile; fileRef = 5E7A447C221E141E009AEC38 /* 4.mp3 */; };
		5E7A448C221E141E009AEC38 /* 6.mp3 in Resources */ = {isa = PBXBuildFile; fileRef = 5E7A447F221E141E009AEC38 /* 6.mp3 */; };
		5E7A448D221E141E009AEC38 /* 1.mp3 in Resources */ = {isa = PBXBuildFile; fileRef = 5E7A4480221E141E009AEC38 /* 1.mp3 */; };
		5E7A448E221E141E009AEC38 /* 8.mp3 in Resources */ = {isa = PBXBuildFile; fileRef = 5E7A4481221E141E009AEC38 /* 8.mp3 */; };
		5E7A448F221E141E009AEC38 /* 2.mp3 in Resources */ = {isa = PBXBuildFile; fileRef = 5E7A4482221E141E009AEC38 /* 2.mp3 */; };
		5E7A4491221E141E009AEC38 /* 7.mp3 in Resources */ = {isa = PBXBuildFile; fileRef = 5E7A4484221E141E009AEC38 /* 7.mp3 */; };
		5E7A4492221E141E009AEC38 /* 9.mp3 in Resources */ = {isa = PBXBuildFile; fileRef = 5E7A4485221E141E009AEC38 /* 9.mp3 */; };
		5E7A4494221E141E009AEC38 /* 5.mp3 in Resources */ = {isa = PBXBuildFile; fileRef = 5E7A4487221E141E009AEC38 /* 5.mp3 */; };
		5EB9F325221DB4A400FF58B0 /* GlobalVar.swift in Sources */ = {isa = PBXBuildFile; fileRef = 5EB9F324221DB4A400FF58B0 /* GlobalVar.swift */; };
		5EB9F327221DD33700FF58B0 /* song.mp3 in Resources */ = {isa = PBXBuildFile; fileRef = 5EB9F326221DD33700FF58B0 /* song.mp3 */; };
		5EDC3576221079EA004BAA14 /* FavCollectionViewCell.swift in Sources */ = {isa = PBXBuildFile; fileRef = 5EDC3574221079EA004BAA14 /* FavCollectionViewCell.swift */; };
		5EDC3577221079EA004BAA14 /* FavCollectionViewCell.xib in Resources */ = {isa = PBXBuildFile; fileRef = 5EDC3575221079EA004BAA14 /* FavCollectionViewCell.xib */; };
		5EE58A41221E083C00A05E54 /* selectsound.mp3 in Resources */ = {isa = PBXBuildFile; fileRef = 5EE58A40221E083B00A05E54 /* selectsound.mp3 */; };
/* End PBXBuildFile section */

/* Begin PBXFileReference section */
		0CD3D94321EC398A00EB5F9E /* PokeDetailViewController.swift */ = {isa = PBXFileReference; lastKnownFileType = sourcecode.swift; path = PokeDetailViewController.swift; sourceTree = "<group>"; };
		0CD3D94421EC398A00EB5F9E /* PokeDetailViewController.xib */ = {isa = PBXFileReference; lastKnownFileType = file.xib; path = PokeDetailViewController.xib; sourceTree = "<group>"; };
		0CD9AC8B221049200054F623 /* FavorisViewController.swift */ = {isa = PBXFileReference; lastKnownFileType = sourcecode.swift; path = FavorisViewController.swift; sourceTree = "<group>"; };
		0CD9AC8C221049200054F623 /* FavorisViewController.xib */ = {isa = PBXFileReference; lastKnownFileType = file.xib; path = FavorisViewController.xib; sourceTree = "<group>"; };
		25A7B44AA59F3C61A0FD30EA /* Pods_pokedexAPI.framework */ = {isa = PBXFileReference; explicitFileType = wrapper.framework; includeInIndex = 0; path = Pods_pokedexAPI.framework; sourceTree = BUILT_PRODUCTS_DIR; };
		270B9176F49DFF81DE6219E9 /* Pods-pokedexAPI.debug.xcconfig */ = {isa = PBXFileReference; includeInIndex = 1; lastKnownFileType = text.xcconfig; name = "Pods-pokedexAPI.debug.xcconfig"; path = "Pods/Target Support Files/Pods-pokedexAPI/Pods-pokedexAPI.debug.xcconfig"; sourceTree = "<group>"; };
		507DD34121D14BE60072CE7A /* pokedexAPI.app */ = {isa = PBXFileReference; explicitFileType = wrapper.application; includeInIndex = 0; path = pokedexAPI.app; sourceTree = BUILT_PRODUCTS_DIR; };
		507DD34421D14BE60072CE7A /* AppDelegate.swift */ = {isa = PBXFileReference; lastKnownFileType = sourcecode.swift; path = AppDelegate.swift; sourceTree = "<group>"; };
		507DD34B21D14BE70072CE7A /* Assets.xcassets */ = {isa = PBXFileReference; lastKnownFileType = folder.assetcatalog; path = Assets.xcassets; sourceTree = "<group>"; };
		507DD34E21D14BE70072CE7A /* Base */ = {isa = PBXFileReference; lastKnownFileType = file.storyboard; name = Base; path = Base.lproj/LaunchScreen.storyboard; sourceTree = "<group>"; };
		507DD35021D14BE70072CE7A /* Info.plist */ = {isa = PBXFileReference; lastKnownFileType = text.plist.xml; path = Info.plist; sourceTree = "<group>"; };
		5E06135A21EBA928006DCC80 /* PokemonServices.swift */ = {isa = PBXFileReference; lastKnownFileType = sourcecode.swift; path = PokemonServices.swift; sourceTree = "<group>"; };
		5E06135E21EC0AAD006DCC80 /* PokeCollectViewController.swift */ = {isa = PBXFileReference; lastKnownFileType = sourcecode.swift; path = PokeCollectViewController.swift; sourceTree = "<group>"; };
		5E06135F21EC0AAD006DCC80 /* PokeCollectViewController.xib */ = {isa = PBXFileReference; lastKnownFileType = file.xib; path = PokeCollectViewController.xib; sourceTree = "<group>"; };
		5E06136221EC0B2F006DCC80 /* PokemonCollectionViewCell.swift */ = {isa = PBXFileReference; lastKnownFileType = sourcecode.swift; path = PokemonCollectionViewCell.swift; sourceTree = "<group>"; };
		5E06136321EC0B2F006DCC80 /* PokemonCollectionViewCell.xib */ = {isa = PBXFileReference; lastKnownFileType = file.xib; path = PokemonCollectionViewCell.xib; sourceTree = "<group>"; };
		5E11B700221F58F800122277 /* EvolutionTableViewCell.swift */ = {isa = PBXFileReference; lastKnownFileType = sourcecode.swift; path = EvolutionTableViewCell.swift; sourceTree = "<group>"; };
		5E11B701221F58F800122277 /* EvolutionTableViewCell.xib */ = {isa = PBXFileReference; lastKnownFileType = file.xib; path = EvolutionTableViewCell.xib; sourceTree = "<group>"; };
		5E11B704221F5AFA00122277 /* EvolutionViewController.swift */ = {isa = PBXFileReference; lastKnownFileType = sourcecode.swift; path = EvolutionViewController.swift; sourceTree = "<group>"; };
		5E11B705221F5AFA00122277 /* EvolutionViewController.xib */ = {isa = PBXFileReference; lastKnownFileType = file.xib; path = EvolutionViewController.xib; sourceTree = "<group>"; };
		5E1EE9E82220717700BF6924 /* logo.png */ = {isa = PBXFileReference; lastKnownFileType = image.png; name = logo.png; path = ../../../Desktop/logo.png; sourceTree = "<group>"; };
		5E22840021D7D335000F2F6E /* Pokemon.swift */ = {isa = PBXFileReference; lastKnownFileType = sourcecode.swift; path = Pokemon.swift; sourceTree = "<group>"; };
		5E244D27221E1A2F00753C95 /* song2.mp3 */ = {isa = PBXFileReference; lastKnownFileType = audio.mp3; path = song2.mp3; sourceTree = "<group>"; };
		5E244D29221E1F4000753C95 /* pokecenter.mp3 */ = {isa = PBXFileReference; lastKnownFileType = audio.mp3; path = pokecenter.mp3; sourceTree = "<group>"; };
		5E59E65D221EF49600E92417 /* default.mp3 */ = {isa = PBXFileReference; lastKnownFileType = audio.mp3; path = default.mp3; sourceTree = "<group>"; };
		5E79CB9721D627C100007D32 /* HomepageViewController.swift */ = {isa = PBXFileReference; lastKnownFileType = sourcecode.swift; path = HomepageViewController.swift; sourceTree = "<group>"; };
		5E79CB9821D627C100007D32 /* HomepageViewController.xib */ = {isa = PBXFileReference; lastKnownFileType = file.xib; path = HomepageViewController.xib; sourceTree = "<group>"; };
		5E7A447B221E141E009AEC38 /* 3.mp3 */ = {isa = PBXFileReference; lastKnownFileType = audio.mp3; path = 3.mp3; sourceTree = "<group>"; };
		5E7A447C221E141E009AEC38 /* 4.mp3 */ = {isa = PBXFileReference; lastKnownFileType = audio.mp3; path = 4.mp3; sourceTree = "<group>"; };
		5E7A447F221E141E009AEC38 /* 6.mp3 */ = {isa = PBXFileReference; lastKnownFileType = audio.mp3; path = 6.mp3; sourceTree = "<group>"; };
		5E7A4480221E141E009AEC38 /* 1.mp3 */ = {isa = PBXFileReference; lastKnownFileType = audio.mp3; path = 1.mp3; sourceTree = "<group>"; };
		5E7A4481221E141E009AEC38 /* 8.mp3 */ = {isa = PBXFileReference; lastKnownFileType = audio.mp3; path = 8.mp3; sourceTree = "<group>"; };
		5E7A4482221E141E009AEC38 /* 2.mp3 */ = {isa = PBXFileReference; lastKnownFileType = audio.mp3; path = 2.mp3; sourceTree = "<group>"; };
		5E7A4484221E141E009AEC38 /* 7.mp3 */ = {isa = PBXFileReference; lastKnownFileType = audio.mp3; path = 7.mp3; sourceTree = "<group>"; };
		5E7A4485221E141E009AEC38 /* 9.mp3 */ = {isa = PBXFileReference; lastKnownFileType = audio.mp3; path = 9.mp3; sourceTree = "<group>"; };
		5E7A4487221E141E009AEC38 /* 5.mp3 */ = {isa = PBXFileReference; lastKnownFileType = audio.mp3; path = 5.mp3; sourceTree = "<group>"; };
		5EB9F324221DB4A400FF58B0 /* GlobalVar.swift */ = {isa = PBXFileReference; lastKnownFileType = sourcecode.swift; path = GlobalVar.swift; sourceTree = "<group>"; };
		5EB9F326221DD33700FF58B0 /* song.mp3 */ = {isa = PBXFileReference; lastKnownFileType = audio.mp3; path = song.mp3; sourceTree = "<group>"; };
		5EDC3574221079EA004BAA14 /* FavCollectionViewCell.swift */ = {isa = PBXFileReference; lastKnownFileType = sourcecode.swift; path = FavCollectionViewCell.swift; sourceTree = "<group>"; };
		5EDC3575221079EA004BAA14 /* FavCollectionViewCell.xib */ = {isa = PBXFileReference; lastKnownFileType = file.xib; path = FavCollectionViewCell.xib; sourceTree = "<group>"; };
		5EE58A40221E083B00A05E54 /* selectsound.mp3 */ = {isa = PBXFileReference; lastKnownFileType = audio.mp3; path = selectsound.mp3; sourceTree = "<group>"; };
		9F44E2540065DE89FADDB2EF /* Pods-pokedexAPI.release.xcconfig */ = {isa = PBXFileReference; includeInIndex = 1; lastKnownFileType = text.xcconfig; name = "Pods-pokedexAPI.release.xcconfig"; path = "Pods/Target Support Files/Pods-pokedexAPI/Pods-pokedexAPI.release.xcconfig"; sourceTree = "<group>"; };
/* End PBXFileReference section */

/* Begin PBXFrameworksBuildPhase section */
		507DD33E21D14BE60072CE7A /* Frameworks */ = {
			isa = PBXFrameworksBuildPhase;
			buildActionMask = 2147483647;
			files = (
				18158F91F2524B972D66EB26 /* Pods_pokedexAPI.framework in Frameworks */,
			);
			runOnlyForDeploymentPostprocessing = 0;
		};
/* End PBXFrameworksBuildPhase section */

/* Begin PBXGroup section */
		507DD33821D14BE60072CE7A = {
			isa = PBXGroup;
			children = (
				507DD34421D14BE60072CE7A /* AppDelegate.swift */,
				507DD34D21D14BE70072CE7A /* LaunchScreen.storyboard */,
				5E06135921EBA915006DCC80 /* Services */,
				5E59E657221ECBA600E92417 /* Model */,
				5E59E658221ECBBA00E92417 /* Views */,
				507DD34321D14BE60072CE7A /* pokedexAPI */,
				507DD34221D14BE60072CE7A /* Products */,
				7E13181B0BA2BDDAA369EC17 /* Pods */,
				8A55EDD8F24FF74453637951 /* Frameworks */,
			);
			sourceTree = "<group>";
		};
		507DD34221D14BE60072CE7A /* Products */ = {
			isa = PBXGroup;
			children = (
				507DD34121D14BE60072CE7A /* pokedexAPI.app */,
			);
			name = Products;
			sourceTree = "<group>";
		};
		507DD34321D14BE60072CE7A /* pokedexAPI */ = {
			isa = PBXGroup;
			children = (
				507DD34B21D14BE70072CE7A /* Assets.xcassets */,
				507DD35021D14BE70072CE7A /* Info.plist */,
				5E1EE9E82220717700BF6924 /* logo.png */,
				5EE58A40221E083B00A05E54 /* selectsound.mp3 */,
				5E244D29221E1F4000753C95 /* pokecenter.mp3 */,
				5EB9F326221DD33700FF58B0 /* song.mp3 */,
				5E244D27221E1A2F00753C95 /* song2.mp3 */,
				5E7A447A221E141E009AEC38 /* PokemonCries */,
			);
			path = pokedexAPI;
			sourceTree = "<group>";
		};
		5E06135921EBA915006DCC80 /* Services */ = {
			isa = PBXGroup;
			children = (
				5E06135A21EBA928006DCC80 /* PokemonServices.swift */,
			);
			path = Services;
			sourceTree = "<group>";
		};
		5E11B6FA221F587E00122277 /* TableView */ = {
			isa = PBXGroup;
			children = (
				5E11B6FF221F58B100122277 /* TableViewCell */,
				5E11B704221F5AFA00122277 /* EvolutionViewController.swift */,
				5E11B705221F5AFA00122277 /* EvolutionViewController.xib */,
			);
			path = TableView;
			sourceTree = "<group>";
		};
		5E11B6FF221F58B100122277 /* TableViewCell */ = {
			isa = PBXGroup;
			children = (
				5E11B700221F58F800122277 /* EvolutionTableViewCell.swift */,
				5E11B701221F58F800122277 /* EvolutionTableViewCell.xib */,
			);
			path = TableViewCell;
			sourceTree = "<group>";
		};
		5E59E657221ECBA600E92417 /* Model */ = {
			isa = PBXGroup;
			children = (
				5EB9F324221DB4A400FF58B0 /* GlobalVar.swift */,
				5E22840021D7D335000F2F6E /* Pokemon.swift */,
			);
			path = Model;
			sourceTree = "<group>";
		};
		5E59E658221ECBBA00E92417 /* Views */ = {
			isa = PBXGroup;
			children = (
				5E59E65B221ECC7B00E92417 /* LoadingView */,
				5E59E659221ECBC300E92417 /* CollectionsViews */,
				5E11B6FA221F587E00122277 /* TableView */,
				5E59E65C221ECC8700E92417 /* Details */,
			);
			path = Views;
			sourceTree = "<group>";
		};
		5E59E659221ECBC300E92417 /* CollectionsViews */ = {
			isa = PBXGroup;
			children = (
				5E59E65A221ECC1800E92417 /* ViewCells */,
				5E06135E21EC0AAD006DCC80 /* PokeCollectViewController.swift */,
				5E06135F21EC0AAD006DCC80 /* PokeCollectViewController.xib */,
				0CD9AC8B221049200054F623 /* FavorisViewController.swift */,
				0CD9AC8C221049200054F623 /* FavorisViewController.xib */,
			);
			path = CollectionsViews;
			sourceTree = "<group>";
		};
		5E59E65A221ECC1800E92417 /* ViewCells */ = {
			isa = PBXGroup;
			children = (
				5E06136221EC0B2F006DCC80 /* PokemonCollectionViewCell.swift */,
				5E06136321EC0B2F006DCC80 /* PokemonCollectionViewCell.xib */,
				5EDC3574221079EA004BAA14 /* FavCollectionViewCell.swift */,
				5EDC3575221079EA004BAA14 /* FavCollectionViewCell.xib */,
			);
			path = ViewCells;
			sourceTree = "<group>";
		};
		5E59E65B221ECC7B00E92417 /* LoadingView */ = {
			isa = PBXGroup;
			children = (
				5E79CB9721D627C100007D32 /* HomepageViewController.swift */,
				5E79CB9821D627C100007D32 /* HomepageViewController.xib */,
			);
			path = LoadingView;
			sourceTree = "<group>";
		};
		5E59E65C221ECC8700E92417 /* Details */ = {
			isa = PBXGroup;
			children = (
				0CD3D94321EC398A00EB5F9E /* PokeDetailViewController.swift */,
				0CD3D94421EC398A00EB5F9E /* PokeDetailViewController.xib */,
			);
			path = Details;
			sourceTree = "<group>";
		};
		5E7A447A221E141E009AEC38 /* PokemonCries */ = {
			isa = PBXGroup;
			children = (
				5E59E65D221EF49600E92417 /* default.mp3 */,
				5E7A447B221E141E009AEC38 /* 3.mp3 */,
				5E7A447C221E141E009AEC38 /* 4.mp3 */,
				5E7A447F221E141E009AEC38 /* 6.mp3 */,
				5E7A4480221E141E009AEC38 /* 1.mp3 */,
				5E7A4481221E141E009AEC38 /* 8.mp3 */,
				5E7A4482221E141E009AEC38 /* 2.mp3 */,
				5E7A4484221E141E009AEC38 /* 7.mp3 */,
				5E7A4485221E141E009AEC38 /* 9.mp3 */,
				5E7A4487221E141E009AEC38 /* 5.mp3 */,
			);
			path = PokemonCries;
			sourceTree = "<group>";
		};
		7E13181B0BA2BDDAA369EC17 /* Pods */ = {
			isa = PBXGroup;
			children = (
				270B9176F49DFF81DE6219E9 /* Pods-pokedexAPI.debug.xcconfig */,
				9F44E2540065DE89FADDB2EF /* Pods-pokedexAPI.release.xcconfig */,
			);
			name = Pods;
			sourceTree = "<group>";
		};
		8A55EDD8F24FF74453637951 /* Frameworks */ = {
			isa = PBXGroup;
			children = (
				25A7B44AA59F3C61A0FD30EA /* Pods_pokedexAPI.framework */,
			);
			name = Frameworks;
			sourceTree = "<group>";
		};
/* End PBXGroup section */

/* Begin PBXNativeTarget section */
		507DD34021D14BE60072CE7A /* pokedexAPI */ = {
			isa = PBXNativeTarget;
			buildConfigurationList = 507DD35321D14BE70072CE7A /* Build configuration list for PBXNativeTarget "pokedexAPI" */;
			buildPhases = (
				1B9CC8BCC8AB6A861905A037 /* [CP] Check Pods Manifest.lock */,
				507DD33D21D14BE60072CE7A /* Sources */,
				507DD33E21D14BE60072CE7A /* Frameworks */,
				507DD33F21D14BE60072CE7A /* Resources */,
				EB3875EABCE314CB5AECDB20 /* [CP] Embed Pods Frameworks */,
			);
			buildRules = (
			);
			dependencies = (
			);
			name = pokedexAPI;
			productName = pokedexAPI;
			productReference = 507DD34121D14BE60072CE7A /* pokedexAPI.app */;
			productType = "com.apple.product-type.application";
		};
/* End PBXNativeTarget section */

/* Begin PBXProject section */
		507DD33921D14BE60072CE7A /* Project object */ = {
			isa = PBXProject;
			attributes = {
				LastSwiftUpdateCheck = 0940;
				LastUpgradeCheck = 0940;
				ORGANIZATIONNAME = Tvn;
				TargetAttributes = {
					507DD34021D14BE60072CE7A = {
						CreatedOnToolsVersion = 9.4.1;
					};
				};
			};
			buildConfigurationList = 507DD33C21D14BE60072CE7A /* Build configuration list for PBXProject "pokedexAPI" */;
			compatibilityVersion = "Xcode 9.3";
			developmentRegion = en;
			hasScannedForEncodings = 0;
			knownRegions = (
				en,
				Base,
			);
			mainGroup = 507DD33821D14BE60072CE7A;
			productRefGroup = 507DD34221D14BE60072CE7A /* Products */;
			projectDirPath = "";
			projectRoot = "";
			targets = (
				507DD34021D14BE60072CE7A /* pokedexAPI */,
			);
		};
/* End PBXProject section */

/* Begin PBXResourcesBuildPhase section */
		507DD33F21D14BE60072CE7A /* Resources */ = {
			isa = PBXResourcesBuildPhase;
			buildActionMask = 2147483647;
			files = (
				0CD9AC8E221049210054F623 /* FavorisViewController.xib in Resources */,
				5E79CB9A21D627C100007D32 /* HomepageViewController.xib in Resources */,
				5EE58A41221E083C00A05E54 /* selectsound.mp3 in Resources */,
				5EB9F327221DD33700FF58B0 /* song.mp3 in Resources */,
				5E244D28221E1A2F00753C95 /* song2.mp3 in Resources */,
				507DD34F21D14BE70072CE7A /* LaunchScreen.storyboard in Resources */,
				5E59E65E221EF49600E92417 /* default.mp3 in Resources */,
				5E7A4494221E141E009AEC38 /* 5.mp3 in Resources */,
				5E11B707221F5AFA00122277 /* EvolutionViewController.xib in Resources */,
				0CD3D94621EC398A00EB5F9E /* PokeDetailViewController.xib in Resources */,
				5E7A4492221E141E009AEC38 /* 9.mp3 in Resources */,
				5E06136121EC0AAD006DCC80 /* PokeCollectViewController.xib in Resources */,
				5E06136521EC0B2F006DCC80 /* PokemonCollectionViewCell.xib in Resources */,
				5EDC3577221079EA004BAA14 /* FavCollectionViewCell.xib in Resources */,
				5E7A448F221E141E009AEC38 /* 2.mp3 in Resources */,
				5E244D2A221E1F4000753C95 /* pokecenter.mp3 in Resources */,
				5E1EE9E92220717700BF6924 /* logo.png in Resources */,
				5E7A4489221E141E009AEC38 /* 4.mp3 in Resources */,
				5E7A448C221E141E009AEC38 /* 6.mp3 in Resources */,
				5E7A4491221E141E009AEC38 /* 7.mp3 in Resources */,
				5E11B703221F58F800122277 /* EvolutionTableViewCell.xib in Resources */,
				5E7A4488221E141E009AEC38 /* 3.mp3 in Resources */,
				5E7A448D221E141E009AEC38 /* 1.mp3 in Resources */,
				507DD34C21D14BE70072CE7A /* Assets.xcassets in Resources */,
				5E7A448E221E141E009AEC38 /* 8.mp3 in Resources */,
			);
			runOnlyForDeploymentPostprocessing = 0;
		};
/* End PBXResourcesBuildPhase section */

/* Begin PBXShellScriptBuildPhase section */
		1B9CC8BCC8AB6A861905A037 /* [CP] Check Pods Manifest.lock */ = {
			isa = PBXShellScriptBuildPhase;
			buildActionMask = 2147483647;
			files = (
			);
			inputFileListPaths = (
			);
			inputPaths = (
				"${PODS_PODFILE_DIR_PATH}/Podfile.lock",
				"${PODS_ROOT}/Manifest.lock",
			);
			name = "[CP] Check Pods Manifest.lock";
			outputFileListPaths = (
			);
			outputPaths = (
				"$(DERIVED_FILE_DIR)/Pods-pokedexAPI-checkManifestLockResult.txt",
			);
			runOnlyForDeploymentPostprocessing = 0;
			shellPath = /bin/sh;
			shellScript = "diff \"${PODS_PODFILE_DIR_PATH}/Podfile.lock\" \"${PODS_ROOT}/Manifest.lock\" > /dev/null\nif [ $? != 0 ] ; then\n    # print error to STDERR\n    echo \"error: The sandbox is not in sync with the Podfile.lock. Run 'pod install' or update your CocoaPods installation.\" >&2\n    exit 1\nfi\n# This output is used by Xcode 'outputs' to avoid re-running this script phase.\necho \"SUCCESS\" > \"${SCRIPT_OUTPUT_FILE_0}\"\n";
			showEnvVarsInLog = 0;
		};
		EB3875EABCE314CB5AECDB20 /* [CP] Embed Pods Frameworks */ = {
			isa = PBXShellScriptBuildPhase;
			buildActionMask = 2147483647;
			files = (
			);
			inputFileListPaths = (
			);
			inputPaths = (
				"${SRCROOT}/Pods/Target Support Files/Pods-pokedexAPI/Pods-pokedexAPI-frameworks.sh",
				"${BUILT_PRODUCTS_DIR}/Alamofire/Alamofire.framework",
			);
			name = "[CP] Embed Pods Frameworks";
			outputFileListPaths = (
			);
			outputPaths = (
				"${TARGET_BUILD_DIR}/${FRAMEWORKS_FOLDER_PATH}/Alamofire.framework",
			);
			runOnlyForDeploymentPostprocessing = 0;
			shellPath = /bin/sh;
			shellScript = "\"${SRCROOT}/Pods/Target Support Files/Pods-pokedexAPI/Pods-pokedexAPI-frameworks.sh\"\n";
			showEnvVarsInLog = 0;
		};
/* End PBXShellScriptBuildPhase section */

/* Begin PBXSourcesBuildPhase section */
		507DD33D21D14BE60072CE7A /* Sources */ = {
			isa = PBXSourcesBuildPhase;
			buildActionMask = 2147483647;
			files = (
				5E06136021EC0AAD006DCC80 /* PokeCollectViewController.swift in Sources */,
				0CD3D94521EC398A00EB5F9E /* PokeDetailViewController.swift in Sources */,
				5E22840121D7D335000F2F6E /* Pokemon.swift in Sources */,
				0CD9AC8D221049200054F623 /* FavorisViewController.swift in Sources */,
				5EB9F325221DB4A400FF58B0 /* GlobalVar.swift in Sources */,
				5E06136421EC0B2F006DCC80 /* PokemonCollectionViewCell.swift in Sources */,
				5E11B706221F5AFA00122277 /* EvolutionViewController.swift in Sources */,
				5EDC3576221079EA004BAA14 /* FavCollectionViewCell.swift in Sources */,
				5E06135B21EBA928006DCC80 /* PokemonServices.swift in Sources */,
				5E11B702221F58F800122277 /* EvolutionTableViewCell.swift in Sources */,
				507DD34521D14BE60072CE7A /* AppDelegate.swift in Sources */,
				5E79CB9921D627C100007D32 /* HomepageViewController.swift in Sources */,
			);
			runOnlyForDeploymentPostprocessing = 0;
		};
/* End PBXSourcesBuildPhase section */

/* Begin PBXVariantGroup section */
		507DD34D21D14BE70072CE7A /* LaunchScreen.storyboard */ = {
			isa = PBXVariantGroup;
			children = (
				507DD34E21D14BE70072CE7A /* Base */,
			);
			name = LaunchScreen.storyboard;
			sourceTree = "<group>";
		};
/* End PBXVariantGroup section */

/* Begin XCBuildConfiguration section */
		507DD35121D14BE70072CE7A /* Debug */ = {
			isa = XCBuildConfiguration;
			buildSettings = {
				ALWAYS_SEARCH_USER_PATHS = NO;
				CLANG_ANALYZER_NONNULL = YES;
				CLANG_ANALYZER_NUMBER_OBJECT_CONVERSION = YES_AGGRESSIVE;
				CLANG_CXX_LANGUAGE_STANDARD = "gnu++14";
				CLANG_CXX_LIBRARY = "libc++";
				CLANG_ENABLE_MODULES = YES;
				CLANG_ENABLE_OBJC_ARC = YES;
				CLANG_ENABLE_OBJC_WEAK = YES;
				CLANG_WARN_BLOCK_CAPTURE_AUTORELEASING = YES;
				CLANG_WARN_BOOL_CONVERSION = YES;
				CLANG_WARN_COMMA = YES;
				CLANG_WARN_CONSTANT_CONVERSION = YES;
				CLANG_WARN_DEPRECATED_OBJC_IMPLEMENTATIONS = YES;
				CLANG_WARN_DIRECT_OBJC_ISA_USAGE = YES_ERROR;
				CLANG_WARN_DOCUMENTATION_COMMENTS = YES;
				CLANG_WARN_EMPTY_BODY = YES;
				CLANG_WARN_ENUM_CONVERSION = YES;
				CLANG_WARN_INFINITE_RECURSION = YES;
				CLANG_WARN_INT_CONVERSION = YES;
				CLANG_WARN_NON_LITERAL_NULL_CONVERSION = YES;
				CLANG_WARN_OBJC_IMPLICIT_RETAIN_SELF = YES;
				CLANG_WARN_OBJC_LITERAL_CONVERSION = YES;
				CLANG_WARN_OBJC_ROOT_CLASS = YES_ERROR;
				CLANG_WARN_RANGE_LOOP_ANALYSIS = YES;
				CLANG_WARN_STRICT_PROTOTYPES = YES;
				CLANG_WARN_SUSPICIOUS_MOVE = YES;
				CLANG_WARN_UNGUARDED_AVAILABILITY = YES_AGGRESSIVE;
				CLANG_WARN_UNREACHABLE_CODE = YES;
				CLANG_WARN__DUPLICATE_METHOD_MATCH = YES;
				CODE_SIGN_IDENTITY = "iPhone Developer";
				COPY_PHASE_STRIP = NO;
				DEBUG_INFORMATION_FORMAT = dwarf;
				ENABLE_STRICT_OBJC_MSGSEND = YES;
				ENABLE_TESTABILITY = YES;
				GCC_C_LANGUAGE_STANDARD = gnu11;
				GCC_DYNAMIC_NO_PIC = NO;
				GCC_NO_COMMON_BLOCKS = YES;
				GCC_OPTIMIZATION_LEVEL = 0;
				GCC_PREPROCESSOR_DEFINITIONS = (
					"DEBUG=1",
					"$(inherited)",
				);
				GCC_WARN_64_TO_32_BIT_CONVERSION = YES;
				GCC_WARN_ABOUT_RETURN_TYPE = YES_ERROR;
				GCC_WARN_UNDECLARED_SELECTOR = YES;
				GCC_WARN_UNINITIALIZED_AUTOS = YES_AGGRESSIVE;
				GCC_WARN_UNUSED_FUNCTION = YES;
				GCC_WARN_UNUSED_VARIABLE = YES;
				IPHONEOS_DEPLOYMENT_TARGET = 11.4;
				MTL_ENABLE_DEBUG_INFO = YES;
				ONLY_ACTIVE_ARCH = YES;
				SDKROOT = iphoneos;
				SWIFT_ACTIVE_COMPILATION_CONDITIONS = DEBUG;
				SWIFT_OPTIMIZATION_LEVEL = "-Onone";
			};
			name = Debug;
		};
		507DD35221D14BE70072CE7A /* Release */ = {
			isa = XCBuildConfiguration;
			buildSettings = {
				ALWAYS_SEARCH_USER_PATHS = NO;
				CLANG_ANALYZER_NONNULL = YES;
				CLANG_ANALYZER_NUMBER_OBJECT_CONVERSION = YES_AGGRESSIVE;
				CLANG_CXX_LANGUAGE_STANDARD = "gnu++14";
				CLANG_CXX_LIBRARY = "libc++";
				CLANG_ENABLE_MODULES = YES;
				CLANG_ENABLE_OBJC_ARC = YES;
				CLANG_ENABLE_OBJC_WEAK = YES;
				CLANG_WARN_BLOCK_CAPTURE_AUTORELEASING = YES;
				CLANG_WARN_BOOL_CONVERSION = YES;
				CLANG_WARN_COMMA = YES;
				CLANG_WARN_CONSTANT_CONVERSION = YES;
				CLANG_WARN_DEPRECATED_OBJC_IMPLEMENTATIONS = YES;
				CLANG_WARN_DIRECT_OBJC_ISA_USAGE = YES_ERROR;
				CLANG_WARN_DOCUMENTATION_COMMENTS = YES;
				CLANG_WARN_EMPTY_BODY = YES;
				CLANG_WARN_ENUM_CONVERSION = YES;
				CLANG_WARN_INFINITE_RECURSION = YES;
				CLANG_WARN_INT_CONVERSION = YES;
				CLANG_WARN_NON_LITERAL_NULL_CONVERSION = YES;
				CLANG_WARN_OBJC_IMPLICIT_RETAIN_SELF = YES;
				CLANG_WARN_OBJC_LITERAL_CONVERSION = YES;
				CLANG_WARN_OBJC_ROOT_CLASS = YES_ERROR;
				CLANG_WARN_RANGE_LOOP_ANALYSIS = YES;
				CLANG_WARN_STRICT_PROTOTYPES = YES;
				CLANG_WARN_SUSPICIOUS_MOVE = YES;
				CLANG_WARN_UNGUARDED_AVAILABILITY = YES_AGGRESSIVE;
				CLANG_WARN_UNREACHABLE_CODE = YES;
				CLANG_WARN__DUPLICATE_METHOD_MATCH = YES;
				CODE_SIGN_IDENTITY = "iPhone Developer";
				COPY_PHASE_STRIP = NO;
				DEBUG_INFORMATION_FORMAT = "dwarf-with-dsym";
				ENABLE_NS_ASSERTIONS = NO;
				ENABLE_STRICT_OBJC_MSGSEND = YES;
				GCC_C_LANGUAGE_STANDARD = gnu11;
				GCC_NO_COMMON_BLOCKS = YES;
				GCC_WARN_64_TO_32_BIT_CONVERSION = YES;
				GCC_WARN_ABOUT_RETURN_TYPE = YES_ERROR;
				GCC_WARN_UNDECLARED_SELECTOR = YES;
				GCC_WARN_UNINITIALIZED_AUTOS = YES_AGGRESSIVE;
				GCC_WARN_UNUSED_FUNCTION = YES;
				GCC_WARN_UNUSED_VARIABLE = YES;
				IPHONEOS_DEPLOYMENT_TARGET = 11.4;
				MTL_ENABLE_DEBUG_INFO = NO;
				SDKROOT = iphoneos;
				SWIFT_COMPILATION_MODE = wholemodule;
				SWIFT_OPTIMIZATION_LEVEL = "-O";
				VALIDATE_PRODUCT = YES;
			};
			name = Release;
		};
		507DD35421D14BE70072CE7A /* Debug */ = {
			isa = XCBuildConfiguration;
			baseConfigurationReference = 270B9176F49DFF81DE6219E9 /* Pods-pokedexAPI.debug.xcconfig */;
			buildSettings = {
				ASSETCATALOG_COMPILER_APPICON_NAME = AppIcon;
				CODE_SIGN_STYLE = Automatic;
				DEVELOPMENT_TEAM = 9SKDF3Q9A6;
				INFOPLIST_FILE = pokedexAPI/Info.plist;
				IPHONEOS_DEPLOYMENT_TARGET = 12.1;
				LD_RUNPATH_SEARCH_PATHS = (
					"$(inherited)",
					"@executable_path/Frameworks",
				);
				PRODUCT_BUNDLE_IDENTIFIER = Tvn.pokedexAPI;
				PRODUCT_NAME = "$(TARGET_NAME)";
				SWIFT_VERSION = 4.0;
				TARGETED_DEVICE_FAMILY = "1,2";
			};
			name = Debug;
		};
		507DD35521D14BE70072CE7A /* Release */ = {
			isa = XCBuildConfiguration;
			baseConfigurationReference = 9F44E2540065DE89FADDB2EF /* Pods-pokedexAPI.release.xcconfig */;
			buildSettings = {
				ASSETCATALOG_COMPILER_APPICON_NAME = AppIcon;
				CODE_SIGN_STYLE = Automatic;
				DEVELOPMENT_TEAM = 9SKDF3Q9A6;
				INFOPLIST_FILE = pokedexAPI/Info.plist;
				IPHONEOS_DEPLOYMENT_TARGET = 12.1;
				LD_RUNPATH_SEARCH_PATHS = (
					"$(inherited)",
					"@executable_path/Frameworks",
				);
				PRODUCT_BUNDLE_IDENTIFIER = Tvn.pokedexAPI;
				PRODUCT_NAME = "$(TARGET_NAME)";
				SWIFT_VERSION = 4.0;
				TARGETED_DEVICE_FAMILY = "1,2";
			};
			name = Release;
		};
/* End XCBuildConfiguration section */

/* Begin XCConfigurationList section */
		507DD33C21D14BE60072CE7A /* Build configuration list for PBXProject "pokedexAPI" */ = {
			isa = XCConfigurationList;
			buildConfigurations = (
				507DD35121D14BE70072CE7A /* Debug */,
				507DD35221D14BE70072CE7A /* Release */,
			);
			defaultConfigurationIsVisible = 0;
			defaultConfigurationName = Release;
		};
		507DD35321D14BE70072CE7A /* Build configuration list for PBXNativeTarget "pokedexAPI" */ = {
			isa = XCConfigurationList;
			buildConfigurations = (
				507DD35421D14BE70072CE7A /* Debug */,
				507DD35521D14BE70072CE7A /* Release */,
			);
			defaultConfigurationIsVisible = 0;
			defaultConfigurationName = Release;
		};
/* End XCConfigurationList section */
	};
	rootObject = 507DD33921D14BE60072CE7A /* Project object */;
}
